
Microsoft Visual Studio Solution File, Format Version 12.00
# Visual Studio Version 17
VisualStudioVersion = 17.13.35825.156 d17.13
MinimumVisualStudioVersion = 10.0.40219.1
Project("{FAE04EC0-301F-11D3-BF4B-00C04F79EFBC}") = "Alunos.Dominio", "Alunos.Dominio\Alunos.Dominio.csproj", "{82540C2B-DCE5-402C-979C-A4B006826010}"
EndProject
Project("{FAE04EC0-301F-11D3-BF4B-00C04F79EFBC}") = "Alunos.Infra", "Alunos.Infra\Alunos.Infra.csproj", "{A8765D89-5CD3-4C5E-A141-01094F3BB8F7}"
EndProject
Global
	GlobalSection(SolutionConfigurationPlatforms) = preSolution
		Debug|Any CPU = Debug|Any CPU
		Release|Any CPU = Release|Any CPU
	EndGlobalSection
	GlobalSection(ProjectConfigurationPlatforms) = postSolution
		{82540C2B-DCE5-402C-979C-A4B006826010}.Debug|Any CPU.ActiveCfg = Debug|Any CPU
		{82540C2B-DCE5-402C-979C-A4B006826010}.Debug|Any CPU.Build.0 = Debug|Any CPU
		{82540C2B-DCE5-402C-979C-A4B006826010}.Release|Any CPU.ActiveCfg = Release|Any CPU
		{82540C2B-DCE5-402C-979C-A4B006826010}.Release|Any CPU.Build.0 = Release|Any CPU
		{A8765D89-5CD3-4C5E-A141-01094F3BB8F7}.Debug|Any CPU.ActiveCfg = Debug|Any CPU
		{A8765D89-5CD3-4C5E-A141-01094F3BB8F7}.Debug|Any CPU.Build.0 = Debug|Any CPU
		{A8765D89-5CD3-4C5E-A141-01094F3BB8F7}.Release|Any CPU.ActiveCfg = Release|Any CPU
		{A8765D89-5CD3-4C5E-A141-01094F3BB8F7}.Release|Any CPU.Build.0 = Release|Any CPU
	EndGlobalSection
	GlobalSection(SolutionProperties) = preSolution
		HideSolutionNode = FALSE
	EndGlobalSection
	GlobalSection(ExtensibilityGlobals) = postSolution
		SolutionGuid = {949B8AA7-2AC8-4B12-8FE8-FB576785B7B3}
	EndGlobalSection
EndGlobal
